dependencies:
- name: postgresql
  repository: https://charts.bitnami.com/bitnami
  version: 18.8.13
- name: rabbitmq
  repository: https://charts.bitnami.com/bitnami
  version: 16.0.14
- name: gateway
  repository: ""
  version: 1.0.0
- name: ms-users
  repository: ""
  version: 1.0.0
- name: ms-products
  repository: ""
  version: 1.0.0
- name: ms-orders
  repository: ""
  version: 1.0.0
- name: ms-notifications
  repository: ""
  version: 1.0.0
digest: sha256:67cffec9010eafda5889e7fa2611265c9cb798fb5ac279fb8b60f8d89aafc215
generated: "2026-08-29T00:08:22.9600297-06:00"
